<?xml version="1.0" encoding="utf-8"?>
<Project ToolsVersion="4.0" xmlns="http://schemas.microsoft.com/developer/msbuild/2003">
  <ItemGroup>
    <Filter Include="Source Files">
      <UniqueIdentifier>{4FC737F1-C7A5-4376-A066-2A32D752A2FF}</UniqueIdentifier>
      <Extensions>cpp;c;cc;cxx;c++;cppm;ixx;def;odl;idl;hpj;bat;asm;asmx</Extensions>
    </Filter>
    <Filter Include="Resource Files">
      <UniqueIdentifier>{67DA6AB6-F800-4c08-8B7A-83BB121AAD01}</UniqueIdentifier>
      <Extensions>rc;ico;cur;bmp;dlg;rc2;rct;bin;rgs;gif;jpg;jpeg;jpe;resx;tiff;tif;png;wav;mfcribbon-ms</Extensions>
    </Filter>
    <Filter Include="Source Files\99.Headers">
      <UniqueIdentifier>{558c95db-462e-46dc-96a3-2aaac6a2d5ee}</UniqueIdentifier>
    </Filter>
    <Filter Include="Source Files\01.Main">
      <UniqueIdentifier>{e392c35c-046f-4c83-a109-6526b53d96ed}</UniqueIdentifier>
    </Filter>
    <Filter Include="Source Files\99.Headers\Defaults">
      <UniqueIdentifier>{87e6d959-5f3b-45e6-bdd9-685656063351}</UniqueIdentifier>
    </Filter>
    <Filter Include="Source Files\98.Shaders">
      <UniqueIdentifier>{97ba90fb-28d7-486e-9460-1b4961b02f76}</UniqueIdentifier>
    </Filter>
  </ItemGroup>
  <ItemGroup>
    <ClInclude Include="GameCodingDX11.h">
      <Filter>Source Files\01.Main</Filter>
    </ClInclude>
    <ClInclude Include="framework.h">
      <Filter>Source Files\99.Headers\Defaults</Filter>
    </ClInclude>
    <ClInclude Include="Resource.h">
      <Filter>Source Files\99.Headers\Defaults</Filter>
    </ClInclude>
    <ClInclude Include="targetver.h">
      <Filter>Source Files\99.Headers\Defaults</Filter>
    </ClInclude>
    <ClInclude Include="pch.h">
      <Filter>Source Files\99.Headers</Filter>
    </ClInclude>
    <ClInclude Include="Values.h">
      <Filter>Source Files\99.Headers</Filter>
    </ClInclude>
    <ClInclude Include="Struct.h">
      <Filter>Source Files\99.Headers</Filter>
    </ClInclude>
    <ClInclude Include="Types.h">
      <Filter>Source Files\99.Headers</Filter>
    </ClInclude>
    <ClInclude Include="Game.h">
      <Filter>Source Files\01.Main</Filter>
    </ClInclude>
  </ItemGroup>
  <ItemGroup>
    <ResourceCompile Include="GameCodingDX11.rc">
      <Filter>Resource Files</Filter>
    </ResourceCompile>
  </ItemGroup>
  <ItemGroup>
    <Image Include="small.ico">
      <Filter>Resource Files</Filter>
    </Image>
    <Image Include="GameCodingDX11.ico">
      <Filter>Resource Files</Filter>
    </Image>
  </ItemGroup>
  <ItemGroup>
    <ClCompile Include="GameCodingDX11.cpp">
      <Filter>Source Files\01.Main</Filter>
    </ClCompile>
    <ClCompile Include="pch.cpp">
      <Filter>Source Files\99.Headers</Filter>
    </ClCompile>
    <ClCompile Include="Game.cpp">
      <Filter>Source Files\01.Main</Filter>
    </ClCompile>
  </ItemGroup>
  <ItemGroup>
    <FxCompile Include="Default.hlsl">
      <Filter>Source Files\98.Shaders</Filter>
    </FxCompile>
  </ItemGroup>
</Project>