<?xml version="1.0" encoding="utf-8"?>
<Project ToolsVersion="4.0" xmlns="http://schemas.microsoft.com/developer/msbuild/2003">
  <ItemGroup>
    <Filter Include="Source Files">
      <UniqueIdentifier>{4FC737F1-C7A5-4376-A066-2A32D752A2FF}</UniqueIdentifier>
      <Extensions>cpp;c;cc;cxx;c++;cppm;ixx;def;odl;idl;hpj;bat;asm;asmx</Extensions>
    </Filter>
    <Filter Include="Resource Files">
      <UniqueIdentifier>{67DA6AB6-F800-4c08-8B7A-83BB121AAD01}</UniqueIdentifier>
      <Extensions>rc;ico;cur;bmp;dlg;rc2;rct;bin;rgs;gif;jpg;jpeg;jpe;resx;tiff;tif;png;wav;mfcribbon-ms</Extensions>
    </Filter>
    <Filter Include="Source Files\99.Headers">
      <UniqueIdentifier>{558c95db-462e-46dc-96a3-2aaac6a2d5ee}</UniqueIdentifier>
    </Filter>
    <Filter Include="Source Files\01.Main">
      <UniqueIdentifier>{e392c35c-046f-4c83-a109-6526b53d96ed}</UniqueIdentifier>
    </Filter>
    <Filter Include="Source Files\99.Headers\Defaults">
      <UniqueIdentifier>{87e6d959-5f3b-45e6-bdd9-685656063351}</UniqueIdentifier>
    </Filter>
    <Filter Include="Source Files\98.Shaders">
      <UniqueIdentifier>{97ba90fb-28d7-486e-9460-1b4961b02f76}</UniqueIdentifier>
    </Filter>
    <Filter Include="Source Files\99.Headers\Utils">
      <UniqueIdentifier>{81cf8968-6220-40bc-8ffe-2ca0eaf68de3}</UniqueIdentifier>
    </Filter>
    <Filter Include="Source Files\00.Engine">
      <UniqueIdentifier>{e2f6b296-555a-4029-97c5-21fb385115fa}</UniqueIdentifier>
    </Filter>
    <Filter Include="Source Files\00.Engine\Pipeline">
      <UniqueIdentifier>{9a75b039-b918-4388-8409-3bd9a09964ec}</UniqueIdentifier>
    </Filter>
    <Filter Include="Source Files\00.Engine\Pipeline\00.Geometry">
      <UniqueIdentifier>{770d0ff9-4cc4-43b0-8cf6-82f08bde2867}</UniqueIdentifier>
    </Filter>
    <Filter Include="Source Files\00.Engine\Pipeline\01.InputAssembler">
      <UniqueIdentifier>{f25cec82-e14b-4065-a49a-5a3296c02914}</UniqueIdentifier>
    </Filter>
    <Filter Include="Source Files\00.Engine\Pipeline\02.VertexShader">
      <UniqueIdentifier>{53dbcead-8a41-4741-a821-3442d4762264}</UniqueIdentifier>
    </Filter>
    <Filter Include="Source Files\00.Engine\Pipeline\03.Rasterizer">
      <UniqueIdentifier>{328cc650-facf-4c52-beda-f667fc058f11}</UniqueIdentifier>
    </Filter>
    <Filter Include="Source Files\00.Engine\Pipeline\04.PixelShader">
      <UniqueIdentifier>{a6419ed1-e909-4b6b-b6b8-1ea247bf8a18}</UniqueIdentifier>
    </Filter>
    <Filter Include="Source Files\00.Engine\Pipeline\05.OutputMerger">
      <UniqueIdentifier>{b3f502e0-bdd8-4d08-8957-28d856a30fc2}</UniqueIdentifier>
    </Filter>
  </ItemGroup>
  <ItemGroup>
    <ClInclude Include="GameCodingDX11.h">
      <Filter>Source Files\01.Main</Filter>
    </ClInclude>
    <ClInclude Include="framework.h">
      <Filter>Source Files\99.Headers\Defaults</Filter>
    </ClInclude>
    <ClInclude Include="Resource.h">
      <Filter>Source Files\99.Headers\Defaults</Filter>
    </ClInclude>
    <ClInclude Include="targetver.h">
      <Filter>Source Files\99.Headers\Defaults</Filter>
    </ClInclude>
    <ClInclude Include="pch.h">
      <Filter>Source Files\99.Headers</Filter>
    </ClInclude>
    <ClInclude Include="Values.h">
      <Filter>Source Files\99.Headers</Filter>
    </ClInclude>
    <ClInclude Include="Struct.h">
      <Filter>Source Files\99.Headers</Filter>
    </ClInclude>
    <ClInclude Include="Types.h">
      <Filter>Source Files\99.Headers</Filter>
    </ClInclude>
    <ClInclude Include="Game.h">
      <Filter>Source Files\01.Main</Filter>
    </ClInclude>
    <ClInclude Include="SimpleMath.h">
      <Filter>Source Files\99.Headers\Utils</Filter>
    </ClInclude>
    <ClInclude Include="Graphics.h">
      <Filter>Source Files\00.Engine\Pipeline</Filter>
    </ClInclude>
    <ClInclude Include="VertexBuffer.h">
      <Filter>Source Files\00.Engine\Pipeline\01.InputAssembler</Filter>
    </ClInclude>
    <ClInclude Include="IndexBuffer.h">
      <Filter>Source Files\00.Engine\Pipeline\01.InputAssembler</Filter>
    </ClInclude>
    <ClInclude Include="InputLayout.h">
      <Filter>Source Files\00.Engine\Pipeline\01.InputAssembler</Filter>
    </ClInclude>
  </ItemGroup>
  <ItemGroup>
    <ResourceCompile Include="GameCodingDX11.rc">
      <Filter>Resource Files</Filter>
    </ResourceCompile>
  </ItemGroup>
  <ItemGroup>
    <Image Include="small.ico">
      <Filter>Resource Files</Filter>
    </Image>
    <Image Include="GameCodingDX11.ico">
      <Filter>Resource Files</Filter>
    </Image>
  </ItemGroup>
  <ItemGroup>
    <ClCompile Include="GameCodingDX11.cpp">
      <Filter>Source Files\01.Main</Filter>
    </ClCompile>
    <ClCompile Include="pch.cpp">
      <Filter>Source Files\99.Headers</Filter>
    </ClCompile>
    <ClCompile Include="Game.cpp">
      <Filter>Source Files\01.Main</Filter>
    </ClCompile>
    <ClCompile Include="SimpleMath.cpp">
      <Filter>Source Files\99.Headers\Utils</Filter>
    </ClCompile>
    <ClCompile Include="Graphics.cpp">
      <Filter>Source Files\00.Engine\Pipeline</Filter>
    </ClCompile>
    <ClCompile Include="VertexBuffer.cpp">
      <Filter>Source Files\00.Engine\Pipeline\01.InputAssembler</Filter>
    </ClCompile>
    <ClCompile Include="IndexBuffer.cpp">
      <Filter>Source Files\00.Engine\Pipeline\01.InputAssembler</Filter>
    </ClCompile>
    <ClCompile Include="InputLayout.cpp">
      <Filter>Source Files\00.Engine\Pipeline\01.InputAssembler</Filter>
    </ClCompile>
  </ItemGroup>
  <ItemGroup>
    <FxCompile Include="Default.hlsl">
      <Filter>Source Files\98.Shaders</Filter>
    </FxCompile>
  </ItemGroup>
  <ItemGroup>
    <None Include="SimpleMath.inl">
      <Filter>Source Files\99.Headers\Utils</Filter>
    </None>
  </ItemGroup>
</Project>